{
  "name": "openswarm-eval",
  "lockfileVersion": 3,
  "requires": true,
  "packages": {
    "": {
      "name": "openswarm-eval",
      "dependencies": {
        "swarmkit-eval": "0.2.0"
      }
    },
    "node_modules/swarmkit-eval": {
      "version": "0.2.0",
      "resolved": "https://registry.npmjs.org/swarmkit-eval/-/swarmkit-eval-0.2.0.tgz",
      "integrity": "sha512-zyCA5MK5h5jkq7Y+OkYyI/1yXtB4YZQuC1r7J1QGZWJ6dho054JWwTOvFFaloeeDQkws6z+QHD71q55XI1Oe/A==",
      "license": "MIT",
      "peerDependencies": {
        "@wandb/sdk": "^0.5.0",
        "e2b": "^2.30.0",
        "swarmkit-infra": "^0.0.2"
      },
      "peerDependenciesMeta": {
        "@wandb/sdk": {
          "optional": true
        },
        "e2b": {
          "optional": true
        },
        "swarmkit-infra": {
          "optional": true
        }
      }
    }
  }
}
